<?xml version="1.0" encoding="utf-8"?>
<Project ToolsVersion="4.0" xmlns="http://schemas.microsoft.com/developer/msbuild/2003">
  <ItemGroup>
    <Filter Include="Source Files">
      <UniqueIdentifier>{4FC737F1-C7A5-4376-A066-2A32D752A2FF}</UniqueIdentifier>
      <Extensions>cpp;c;cc;cxx;c++;cppm;ixx;def;odl;idl;hpj;bat;asm;asmx</Extensions>
    </Filter>
    <Filter Include="Header Files">
      <UniqueIdentifier>{93995380-89BD-4b04-88EB-625FBE52EBFB}</UniqueIdentifier>
      <Extensions>h;hh;hpp;hxx;h++;hm;inl;inc;ipp;xsd</Extensions>
    </Filter>
    <Filter Include="Resource Files">
      <UniqueIdentifier>{67DA6AB6-F800-4c08-8B7A-83BB121AAD01}</UniqueIdentifier>
      <Extensions>rc;ico;cur;bmp;dlg;rc2;rct;bin;rgs;gif;jpg;jpeg;jpe;resx;tiff;tif;png;wav;mfcribbon-ms</Extensions>
    </Filter>
  </ItemGroup>
  <ItemGroup>
    <ClCompile Include="main.cpp">
      <Filter>Source Files</Filter>
    </ClCompile>
    <ClCompile Include="Graphics.cpp">
      <Filter>Source Files</Filter>
    </ClCompile>
    <ClCompile Include="Surface.cpp">
      <Filter>Source Files</Filter>
    </ClCompile>
  </ItemGroup>
  <ItemGroup>
    <ClInclude Include="Colors.hpp">
      <Filter>Header Files</Filter>
    </ClInclude>
    <ClInclude Include="Math.hpp">
      <Filter>Header Files</Filter>
    </ClInclude>
    <ClInclude Include="Vec2.hpp">
      <Filter>Header Files</Filter>
    </ClInclude>
    <ClInclude Include="Mat2.hpp">
      <Filter>Header Files</Filter>
    </ClInclude>
    <ClInclude Include="Vec3.hpp">
      <Filter>Header Files</Filter>
    </ClInclude>
    <ClInclude Include="Mat3.hpp">
      <Filter>Header Files</Filter>
    </ClInclude>
    <ClInclude Include="PC3Transformer.hpp">
      <Filter>Header Files</Filter>
    </ClInclude>
    <ClInclude Include="Cube.hpp">
      <Filter>Header Files</Filter>
    </ClInclude>
    <ClInclude Include="IndexedLineList.hpp">
      <Filter>Header Files</Filter>
    </ClInclude>
    <ClInclude Include="Graphics.hpp">
      <Filter>Header Files</Filter>
    </ClInclude>
    <ClInclude Include="IndexedTriangleList.hpp">
      <Filter>Header Files</Filter>
    </ClInclude>
    <ClInclude Include="Scene.hpp">
      <Filter>Header Files</Filter>
    </ClInclude>
    <ClInclude Include="SceneSolidCube.hpp">
      <Filter>Header Files</Filter>
    </ClInclude>
    <ClInclude Include="SceneCubeOrder.hpp">
      <Filter>Header Files</Filter>
    </ClInclude>
    <ClInclude Include="SceneConHex.hpp">
      <Filter>Header Files</Filter>
    </ClInclude>
    <ClInclude Include="ConcaveHexahedron.hpp">
      <Filter>Header Files</Filter>
    </ClInclude>
    <ClInclude Include="SceneXMutual.hpp">
      <Filter>Header Files</Filter>
    </ClInclude>
    <ClInclude Include="XQuads.hpp">
      <Filter>Header Files</Filter>
    </ClInclude>
    <ClInclude Include="TexVertex.hpp">
      <Filter>Header Files</Filter>
    </ClInclude>
    <ClInclude Include="Surface.hpp">
      <Filter>Header Files</Filter>
    </ClInclude>
    <ClInclude Include="SceneTexCube.hpp">
      <Filter>Header Files</Filter>
    </ClInclude>
    <ClInclude Include="SceneTexWrapCube.hpp">
      <Filter>Header Files</Filter>
    </ClInclude>
    <ClInclude Include="CubeFolded.hpp">
      <Filter>Header Files</Filter>
    </ClInclude>
    <ClInclude Include="CubeFoldedWrap.hpp">
      <Filter>Header Files</Filter>
    </ClInclude>
    <ClInclude Include="SceneFoldedCube.hpp">
      <Filter>Header Files</Filter>
    </ClInclude>
    <ClInclude Include="SceneFoldedCubeWrap.hpp">
      <Filter>Header Files</Filter>
    </ClInclude>
    <ClInclude Include="CubeSkinned.hpp">
      <Filter>Header Files</Filter>
    </ClInclude>
    <ClInclude Include="SceneCubeSkinned.hpp">
      <Filter>Header Files</Filter>
    </ClInclude>
  </ItemGroup>
  <ItemGroup>
    <Image Include="Images\sauron.png">
      <Filter>Resource Files</Filter>
    </Image>
    <Image Include="Images\office_skin.jpg">
      <Filter>Resource Files</Filter>
    </Image>
    <Image Include="Images\dice_skin.png">
      <Filter>Resource Files</Filter>
    </Image>
  </ItemGroup>
</Project>